
Microsoft Visual Studio Solution File, Format Version 12.00
# Visual Studio Version 17
VisualStudioVersion = 17.13.35931.197
MinimumVisualStudioVersion = 10.0.40219.1
Project("{FAE04EC0-301F-11D3-BF4B-00C04F79EFBC}") = "Blazor", "Blazor\Blazor.csproj", "{EE4285AF-F870-49A3-85F1-57E094D80191}"
EndProject
Project("{FAE04EC0-301F-11D3-BF4B-00C04F79EFBC}") = "TODOList", "TODOList\TODOList.csproj", "{DCF86F53-7787-47F7-8344-5A77A7E6707C}"
EndProject
Global
	GlobalSection(SolutionConfigurationPlatforms) = preSolution
		Debug|Any CPU = Debug|Any CPU
		Release|Any CPU = Release|Any CPU
	EndGlobalSection
	GlobalSection(ProjectConfigurationPlatforms) = postSolution
		{EE4285AF-F870-49A3-85F1-57E094D80191}.Debug|Any CPU.ActiveCfg = Debug|Any CPU
		{EE4285AF-F870-49A3-85F1-57E094D80191}.Debug|Any CPU.Build.0 = Debug|Any CPU
		{EE4285AF-F870-49A3-85F1-57E094D80191}.Release|Any CPU.ActiveCfg = Release|Any CPU
		{EE4285AF-F870-49A3-85F1-57E094D80191}.Release|Any CPU.Build.0 = Release|Any CPU
		{DCF86F53-7787-47F7-8344-5A77A7E6707C}.Debug|Any CPU.ActiveCfg = Debug|Any CPU
		{DCF86F53-7787-47F7-8344-5A77A7E6707C}.Debug|Any CPU.Build.0 = Debug|Any CPU
		{DCF86F53-7787-47F7-8344-5A77A7E6707C}.Release|Any CPU.ActiveCfg = Release|Any CPU
		{DCF86F53-7787-47F7-8344-5A77A7E6707C}.Release|Any CPU.Build.0 = Release|Any CPU
	EndGlobalSection
	GlobalSection(SolutionProperties) = preSolution
		HideSolutionNode = FALSE
	EndGlobalSection
	GlobalSection(ExtensibilityGlobals) = postSolution
		SolutionGuid = {EA286B2F-A7DA-45BC-B980-C9B96DD4FB31}
	EndGlobalSection
EndGlobal
